PODS:
  - Dwifft (0.9)
  - TaskQueue (1.1.1)
  - UITableViewPresentation (4.1.0):
    - Dwifft (= 0.9.0)
    - TaskQueue (= 1.1.1)

DEPENDENCIES:
  - UITableViewPresentation (from `../`)

SPEC REPOS:
  trunk:
    - Dwifft
    - TaskQueue

EXTERNAL SOURCES:
  UITableViewPresentation:
    :path: "../"

SPEC CHECKSUMS:
  Dwifft: 42912068ed2a8146077d1a1404df18625bd086e1
  TaskQueue: 53a3cdaf817d9ce3cd50837ff6610aeb7b968997
  UITableViewPresentation: 14912123d9c261355b75550c52a0adff3c72e6d6

PODFILE CHECKSUM: 1c21603efb7d64df28b9b53af88b81abaf07ad17

COCOAPODS: 1.11.3
