{
  "object": {
    "pins": [
      {
        "package": "Dwifft",
        "repositoryURL": "https://github.com/jflinter/Dwifft.git",
        "state": {
          "branch": null,
          "revision": "6fec2bc0246091b3e17a9d42e722fb98e05ac3ff",
          "version": null
        }
      }
    ]
  },
  "version": 1
}
